// !$*UTF8*$!
{
	archiveVersion = 1;
	classes = {
	};
	objectVersion = 50;
	objects = {

/* Begin PBXBuildFile section */
		966891CD2700CA1400EDF73E /* Synth_LibApp.swift in Sources */ = {isa = PBXBuildFile; fileRef = 966891CC2700CA1400EDF73E /* Synth_LibApp.swift */; };
		966891CF2700CA1400EDF73E /* PresetList.swift in Sources */ = {isa = PBXBuildFile; fileRef = 966891CE2700CA1400EDF73E /* PresetList.swift */; };
		966891D12700CA1400EDF73E /* Assets.xcassets in Resources */ = {isa = PBXBuildFile; fileRef = 966891D02700CA1400EDF73E /* Assets.xcassets */; };
		966891D42700CA1400EDF73E /* Preview Assets.xcassets in Resources */ = {isa = PBXBuildFile; fileRef = 966891D32700CA1400EDF73E /* Preview Assets.xcassets */; };
		966891DD2700D6A500EDF73E /* PresetVm.swift in Sources */ = {isa = PBXBuildFile; fileRef = 966891DC2700D6A500EDF73E /* PresetVm.swift */; };
		966891DF2700D6FC00EDF73E /* NewPreset.swift in Sources */ = {isa = PBXBuildFile; fileRef = 966891DE2700D6FC00EDF73E /* NewPreset.swift */; };
		966F4D512703145E00FBC59B /* StringUtils.swift in Sources */ = {isa = PBXBuildFile; fileRef = 966F4D502703145E00FBC59B /* StringUtils.swift */; };
		966F4D53270315C200FBC59B /* DateUtils.swift in Sources */ = {isa = PBXBuildFile; fileRef = 966F4D52270315C200FBC59B /* DateUtils.swift */; };
		966F4D5A27049DF500FBC59B /* AppStore.swift in Sources */ = {isa = PBXBuildFile; fileRef = 966F4D5927049DF500FBC59B /* AppStore.swift */; };
		966F921C2701C9C500B8F959 /* ImagePicker.swift in Sources */ = {isa = PBXBuildFile; fileRef = 966F921B2701C9C500B8F959 /* ImagePicker.swift */; };
		966F921E2701CAE400B8F959 /* NewPresetVm.swift in Sources */ = {isa = PBXBuildFile; fileRef = 966F921D2701CAE400B8F959 /* NewPresetVm.swift */; };
		966F92232701E88200B8F959 /* LocalStorage.swift in Sources */ = {isa = PBXBuildFile; fileRef = 966F92222701E88200B8F959 /* LocalStorage.swift */; };
		966F92252701EA5900B8F959 /* AppSession.swift in Sources */ = {isa = PBXBuildFile; fileRef = 966F92242701EA5900B8F959 /* AppSession.swift */; };
		96EFA30827060FFE00F296C7 /* Buttons.swift in Sources */ = {isa = PBXBuildFile; fileRef = 96EFA30727060FFE00F296C7 /* Buttons.swift */; };
/* End PBXBuildFile section */

/* Begin PBXFileReference section */
		966891C92700CA1400EDF73E /* Synth Lib.app */ = {isa = PBXFileReference; explicitFileType = wrapper.application; includeInIndex = 0; path = "Synth Lib.app"; sourceTree = BUILT_PRODUCTS_DIR; };
		966891CC2700CA1400EDF73E /* Synth_LibApp.swift */ = {isa = PBXFileReference; lastKnownFileType = sourcecode.swift; path = Synth_LibApp.swift; sourceTree = "<group>"; };
		966891CE2700CA1400EDF73E /* PresetList.swift */ = {isa = PBXFileReference; lastKnownFileType = sourcecode.swift; path = PresetList.swift; sourceTree = "<group>"; };
		966891D02700CA1400EDF73E /* Assets.xcassets */ = {isa = PBXFileReference; lastKnownFileType = folder.assetcatalog; path = Assets.xcassets; sourceTree = "<group>"; };
		966891D32700CA1400EDF73E /* Preview Assets.xcassets */ = {isa = PBXFileReference; lastKnownFileType = folder.assetcatalog; path = "Preview Assets.xcassets"; sourceTree = "<group>"; };
		966891D52700CA1400EDF73E /* Info.plist */ = {isa = PBXFileReference; lastKnownFileType = text.plist.xml; path = Info.plist; sourceTree = "<group>"; };
		966891DC2700D6A500EDF73E /* PresetVm.swift */ = {isa = PBXFileReference; lastKnownFileType = sourcecode.swift; path = PresetVm.swift; sourceTree = "<group>"; };
		966891DE2700D6FC00EDF73E /* NewPreset.swift */ = {isa = PBXFileReference; lastKnownFileType = sourcecode.swift; path = NewPreset.swift; sourceTree = "<group>"; };
		966F4D502703145E00FBC59B /* StringUtils.swift */ = {isa = PBXFileReference; lastKnownFileType = sourcecode.swift; path = StringUtils.swift; sourceTree = "<group>"; };
		966F4D52270315C200FBC59B /* DateUtils.swift */ = {isa = PBXFileReference; lastKnownFileType = sourcecode.swift; path = DateUtils.swift; sourceTree = "<group>"; };
		966F4D5927049DF500FBC59B /* AppStore.swift */ = {isa = PBXFileReference; lastKnownFileType = sourcecode.swift; path = AppStore.swift; sourceTree = "<group>"; };
		966F921B2701C9C500B8F959 /* ImagePicker.swift */ = {isa = PBXFileReference; lastKnownFileType = sourcecode.swift; path = ImagePicker.swift; sourceTree = "<group>"; };
		966F921D2701CAE400B8F959 /* NewPresetVm.swift */ = {isa = PBXFileReference; lastKnownFileType = sourcecode.swift; path = NewPresetVm.swift; sourceTree = "<group>"; };
		966F92222701E88200B8F959 /* LocalStorage.swift */ = {isa = PBXFileReference; lastKnownFileType = sourcecode.swift; path = LocalStorage.swift; sourceTree = "<group>"; };
		966F92242701EA5900B8F959 /* AppSession.swift */ = {isa = PBXFileReference; lastKnownFileType = sourcecode.swift; path = AppSession.swift; sourceTree = "<group>"; };
		96EFA30727060FFE00F296C7 /* Buttons.swift */ = {isa = PBXFileReference; lastKnownFileType = sourcecode.swift; path = Buttons.swift; sourceTree = "<group>"; };
/* End PBXFileReference section */

/* Begin PBXFrameworksBuildPhase section */
		966891C62700CA1400EDF73E /* Frameworks */ = {
			isa = PBXFrameworksBuildPhase;
			buildActionMask = 2147483647;
			files = (
			);
			runOnlyForDeploymentPostprocessing = 0;
		};
/* End PBXFrameworksBuildPhase section */

/* Begin PBXGroup section */
		966891C02700CA1400EDF73E = {
			isa = PBXGroup;
			children = (
				966891CB2700CA1400EDF73E /* Synth Lib */,
				966891CA2700CA1400EDF73E /* Products */,
			);
			sourceTree = "<group>";
		};
		966891CA2700CA1400EDF73E /* Products */ = {
			isa = PBXGroup;
			children = (
				966891C92700CA1400EDF73E /* Synth Lib.app */,
			);
			name = Products;
			sourceTree = "<group>";
		};
		966891CB2700CA1400EDF73E /* Synth Lib */ = {
			isa = PBXGroup;
			children = (
				966F92192701C9A700B8F959 /* Common */,
				966891DB2700D65D00EDF73E /* Presets */,
				966891CC2700CA1400EDF73E /* Synth_LibApp.swift */,
				966891D02700CA1400EDF73E /* Assets.xcassets */,
				966891D52700CA1400EDF73E /* Info.plist */,
				966891D22700CA1400EDF73E /* Preview Content */,
				966F92242701EA5900B8F959 /* AppSession.swift */,
				966F4D5927049DF500FBC59B /* AppStore.swift */,
			);
			path = "Synth Lib";
			sourceTree = "<group>";
		};
		966891D22700CA1400EDF73E /* Preview Content */ = {
			isa = PBXGroup;
			children = (
				966891D32700CA1400EDF73E /* Preview Assets.xcassets */,
			);
			path = "Preview Content";
			sourceTree = "<group>";
		};
		966891DB2700D65D00EDF73E /* Presets */ = {
			isa = PBXGroup;
			children = (
				966891CE2700CA1400EDF73E /* PresetList.swift */,
				966891DC2700D6A500EDF73E /* PresetVm.swift */,
				966891DE2700D6FC00EDF73E /* NewPreset.swift */,
				966F921D2701CAE400B8F959 /* NewPresetVm.swift */,
			);
			path = Presets;
			sourceTree = "<group>";
		};
		966F92192701C9A700B8F959 /* Common */ = {
			isa = PBXGroup;
			children = (
				966F92212701E86F00B8F959 /* Utils */,
				966F921A2701C9B200B8F959 /* UI */,
			);
			path = Common;
			sourceTree = "<group>";
		};
		966F921A2701C9B200B8F959 /* UI */ = {
			isa = PBXGroup;
			children = (
				966F921B2701C9C500B8F959 /* ImagePicker.swift */,
				96EFA30727060FFE00F296C7 /* Buttons.swift */,
			);
			path = UI;
			sourceTree = "<group>";
		};
		966F92212701E86F00B8F959 /* Utils */ = {
			isa = PBXGroup;
			children = (
				966F92222701E88200B8F959 /* LocalStorage.swift */,
				966F4D502703145E00FBC59B /* StringUtils.swift */,
				966F4D52270315C200FBC59B /* DateUtils.swift */,
			);
			path = Utils;
			sourceTree = "<group>";
		};
/* End PBXGroup section */

/* Begin PBXNativeTarget section */
		966891C82700CA1400EDF73E /* Synth Lib */ = {
			isa = PBXNativeTarget;
			buildConfigurationList = 966891D82700CA1400EDF73E /* Build configuration list for PBXNativeTarget "Synth Lib" */;
			buildPhases = (
				966891C52700CA1400EDF73E /* Sources */,
				966891C62700CA1400EDF73E /* Frameworks */,
				966891C72700CA1400EDF73E /* Resources */,
			);
			buildRules = (
			);
			dependencies = (
			);
			name = "Synth Lib";
			packageProductDependencies = (
			);
			productName = "Synth Lib";
			productReference = 966891C92700CA1400EDF73E /* Synth Lib.app */;
			productType = "com.apple.product-type.application";
		};
/* End PBXNativeTarget section */

/* Begin PBXProject section */
		966891C12700CA1400EDF73E /* Project object */ = {
			isa = PBXProject;
			attributes = {
				LastSwiftUpdateCheck = 1250;
				LastUpgradeCheck = 1250;
				TargetAttributes = {
					966891C82700CA1400EDF73E = {
						CreatedOnToolsVersion = 12.5.1;
					};
				};
			};
			buildConfigurationList = 966891C42700CA1400EDF73E /* Build configuration list for PBXProject "Synth Lib" */;
			compatibilityVersion = "Xcode 9.3";
			developmentRegion = en;
			hasScannedForEncodings = 0;
			knownRegions = (
				en,
				Base,
			);
			mainGroup = 966891C02700CA1400EDF73E;
			packageReferences = (
			);
			productRefGroup = 966891CA2700CA1400EDF73E /* Products */;
			projectDirPath = "";
			projectRoot = "";
			targets = (
				966891C82700CA1400EDF73E /* Synth Lib */,
			);
		};
/* End PBXProject section */

/* Begin PBXResourcesBuildPhase section */
		966891C72700CA1400EDF73E /* Resources */ = {
			isa = PBXResourcesBuildPhase;
			buildActionMask = 2147483647;
			files = (
				966891D42700CA1400EDF73E /* Preview Assets.xcassets in Resources */,
				966891D12700CA1400EDF73E /* Assets.xcassets in Resources */,
			);
			runOnlyForDeploymentPostprocessing = 0;
		};
/* End PBXResourcesBuildPhase section */

/* Begin PBXSourcesBuildPhase section */
		966891C52700CA1400EDF73E /* Sources */ = {
			isa = PBXSourcesBuildPhase;
			buildActionMask = 2147483647;
			files = (
				966F4D512703145E00FBC59B /* StringUtils.swift in Sources */,
				966F92252701EA5900B8F959 /* AppSession.swift in Sources */,
				966891CF2700CA1400EDF73E /* PresetList.swift in Sources */,
				96EFA30827060FFE00F296C7 /* Buttons.swift in Sources */,
				966891DD2700D6A500EDF73E /* PresetVm.swift in Sources */,
				966F921E2701CAE400B8F959 /* NewPresetVm.swift in Sources */,
				966F92232701E88200B8F959 /* LocalStorage.swift in Sources */,
				966F921C2701C9C500B8F959 /* ImagePicker.swift in Sources */,
				966F4D53270315C200FBC59B /* DateUtils.swift in Sources */,
				966891CD2700CA1400EDF73E /* Synth_LibApp.swift in Sources */,
				966F4D5A27049DF500FBC59B /* AppStore.swift in Sources */,
				966891DF2700D6FC00EDF73E /* NewPreset.swift in Sources */,
			);
			runOnlyForDeploymentPostprocessing = 0;
		};
/* End PBXSourcesBuildPhase section */

/* Begin XCBuildConfiguration section */
		966891D62700CA1400EDF73E /* Debug */ = {
			isa = XCBuildConfiguration;
			buildSettings = {
				ALWAYS_SEARCH_USER_PATHS = NO;
				CLANG_ANALYZER_NONNULL = YES;
				CLANG_ANALYZER_NUMBER_OBJECT_CONVERSION = YES_AGGRESSIVE;
				CLANG_CXX_LANGUAGE_STANDARD = "gnu++14";
				CLANG_CXX_LIBRARY = "libc++";
				CLANG_ENABLE_MODULES = YES;
				CLANG_ENABLE_OBJC_ARC = YES;
				CLANG_ENABLE_OBJC_WEAK = YES;
				CLANG_WARN_BLOCK_CAPTURE_AUTORELEASING = YES;
				CLANG_WARN_BOOL_CONVERSION = YES;
				CLANG_WARN_COMMA = YES;
				CLANG_WARN_CONSTANT_CONVERSION = YES;
				CLANG_WARN_DEPRECATED_OBJC_IMPLEMENTATIONS = YES;
				CLANG_WARN_DIRECT_OBJC_ISA_USAGE = YES_ERROR;
				CLANG_WARN_DOCUMENTATION_COMMENTS = YES;
				CLANG_WARN_EMPTY_BODY = YES;
				CLANG_WARN_ENUM_CONVERSION = YES;
				CLANG_WARN_INFINITE_RECURSION = YES;
				CLANG_WARN_INT_CONVERSION = YES;
				CLANG_WARN_NON_LITERAL_NULL_CONVERSION = YES;
				CLANG_WARN_OBJC_IMPLICIT_RETAIN_SELF = YES;
				CLANG_WARN_OBJC_LITERAL_CONVERSION = YES;
				CLANG_WARN_OBJC_ROOT_CLASS = YES_ERROR;
				CLANG_WARN_QUOTED_INCLUDE_IN_FRAMEWORK_HEADER = YES;
				CLANG_WARN_RANGE_LOOP_ANALYSIS = YES;
				CLANG_WARN_STRICT_PROTOTYPES = YES;
				CLANG_WARN_SUSPICIOUS_MOVE = YES;
				CLANG_WARN_UNGUARDED_AVAILABILITY = YES_AGGRESSIVE;
				CLANG_WARN_UNREACHABLE_CODE = YES;
				CLANG_WARN__DUPLICATE_METHOD_MATCH = YES;
				COPY_PHASE_STRIP = NO;
				DEBUG_INFORMATION_FORMAT = dwarf;
				ENABLE_STRICT_OBJC_MSGSEND = YES;
				ENABLE_TESTABILITY = YES;
				GCC_C_LANGUAGE_STANDARD = gnu11;
				GCC_DYNAMIC_NO_PIC = NO;
				GCC_NO_COMMON_BLOCKS = YES;
				GCC_OPTIMIZATION_LEVEL = 0;
				GCC_PREPROCESSOR_DEFINITIONS = (
					"DEBUG=1",
					"$(inherited)",
				);
				GCC_WARN_64_TO_32_BIT_CONVERSION = YES;
				GCC_WARN_ABOUT_RETURN_TYPE = YES_ERROR;
				GCC_WARN_UNDECLARED_SELECTOR = YES;
				GCC_WARN_UNINITIALIZED_AUTOS = YES_AGGRESSIVE;
				GCC_WARN_UNUSED_FUNCTION = YES;
				GCC_WARN_UNUSED_VARIABLE = YES;
				IPHONEOS_DEPLOYMENT_TARGET = 14.0;
				MTL_ENABLE_DEBUG_INFO = INCLUDE_SOURCE;
				MTL_FAST_MATH = YES;
				ONLY_ACTIVE_ARCH = YES;
				SDKROOT = iphoneos;
				SWIFT_ACTIVE_COMPILATION_CONDITIONS = DEBUG;
				SWIFT_OPTIMIZATION_LEVEL = "-Onone";
			};
			name = Debug;
		};
		966891D72700CA1400EDF73E /* Release */ = {
			isa = XCBuildConfiguration;
			buildSettings = {
				ALWAYS_SEARCH_USER_PATHS = NO;
				CLANG_ANALYZER_NONNULL = YES;
				CLANG_ANALYZER_NUMBER_OBJECT_CONVERSION = YES_AGGRESSIVE;
				CLANG_CXX_LANGUAGE_STANDARD = "gnu++14";
				CLANG_CXX_LIBRARY = "libc++";
				CLANG_ENABLE_MODULES = YES;
				CLANG_ENABLE_OBJC_ARC = YES;
				CLANG_ENABLE_OBJC_WEAK = YES;
				CLANG_WARN_BLOCK_CAPTURE_AUTORELEASING = YES;
				CLANG_WARN_BOOL_CONVERSION = YES;
				CLANG_WARN_COMMA = YES;
				CLANG_WARN_CONSTANT_CONVERSION = YES;
				CLANG_WARN_DEPRECATED_OBJC_IMPLEMENTATIONS = YES;
				CLANG_WARN_DIRECT_OBJC_ISA_USAGE = YES_ERROR;
				CLANG_WARN_DOCUMENTATION_COMMENTS = YES;
				CLANG_WARN_EMPTY_BODY = YES;
				CLANG_WARN_ENUM_CONVERSION = YES;
				CLANG_WARN_INFINITE_RECURSION = YES;
				CLANG_WARN_INT_CONVERSION = YES;
				CLANG_WARN_NON_LITERAL_NULL_CONVERSION = YES;
				CLANG_WARN_OBJC_IMPLICIT_RETAIN_SELF = YES;
				CLANG_WARN_OBJC_LITERAL_CONVERSION = YES;
				CLANG_WARN_OBJC_ROOT_CLASS = YES_ERROR;
				CLANG_WARN_QUOTED_INCLUDE_IN_FRAMEWORK_HEADER = YES;
				CLANG_WARN_RANGE_LOOP_ANALYSIS = YES;
				CLANG_WARN_STRICT_PROTOTYPES = YES;
				CLANG_WARN_SUSPICIOUS_MOVE = YES;
				CLANG_WARN_UNGUARDED_AVAILABILITY = YES_AGGRESSIVE;
				CLANG_WARN_UNREACHABLE_CODE = YES;
				CLANG_WARN__DUPLICATE_METHOD_MATCH = YES;
				COPY_PHASE_STRIP = NO;
				DEBUG_INFORMATION_FORMAT = "dwarf-with-dsym";
				ENABLE_NS_ASSERTIONS = NO;
				ENABLE_STRICT_OBJC_MSGSEND = YES;
				GCC_C_LANGUAGE_STANDARD = gnu11;
				GCC_NO_COMMON_BLOCKS = YES;
				GCC_WARN_64_TO_32_BIT_CONVERSION = YES;
				GCC_WARN_ABOUT_RETURN_TYPE = YES_ERROR;
				GCC_WARN_UNDECLARED_SELECTOR = YES;
				GCC_WARN_UNINITIALIZED_AUTOS = YES_AGGRESSIVE;
				GCC_WARN_UNUSED_FUNCTION = YES;
				GCC_WARN_UNUSED_VARIABLE = YES;
				IPHONEOS_DEPLOYMENT_TARGET = 14.0;
				MTL_ENABLE_DEBUG_INFO = NO;
				MTL_FAST_MATH = YES;
				SDKROOT = iphoneos;
				SWIFT_COMPILATION_MODE = wholemodule;
				SWIFT_OPTIMIZATION_LEVEL = "-O";
				VALIDATE_PRODUCT = YES;
			};
			name = Release;
		};
		966891D92700CA1400EDF73E /* Debug */ = {
			isa = XCBuildConfiguration;
			buildSettings = {
				ASSETCATALOG_COMPILER_APPICON_NAME = AppIcon;
				ASSETCATALOG_COMPILER_GLOBAL_ACCENT_COLOR_NAME = AccentColor;
				CODE_SIGN_STYLE = Automatic;
				DEVELOPMENT_ASSET_PATHS = "\"Synth Lib/Preview Content\"";
				DEVELOPMENT_TEAM = P77B3F8GQ5;
				ENABLE_PREVIEWS = YES;
				INFOPLIST_FILE = "Synth Lib/Info.plist";
				IPHONEOS_DEPLOYMENT_TARGET = 14.0;
				LD_RUNPATH_SEARCH_PATHS = (
					"$(inherited)",
					"@executable_path/Frameworks",
				);
				PRODUCT_BUNDLE_IDENTIFIER = "paf.Synth-Lib";
				PRODUCT_NAME = "$(TARGET_NAME)";
				SWIFT_VERSION = 5.0;
				TARGETED_DEVICE_FAMILY = "1,2";
			};
			name = Debug;
		};
		966891DA2700CA1400EDF73E /* Release */ = {
			isa = XCBuildConfiguration;
			buildSettings = {
				ASSETCATALOG_COMPILER_APPICON_NAME = AppIcon;
				ASSETCATALOG_COMPILER_GLOBAL_ACCENT_COLOR_NAME = AccentColor;
				CODE_SIGN_STYLE = Automatic;
				DEVELOPMENT_ASSET_PATHS = "\"Synth Lib/Preview Content\"";
				DEVELOPMENT_TEAM = P77B3F8GQ5;
				ENABLE_PREVIEWS = YES;
				INFOPLIST_FILE = "Synth Lib/Info.plist";
				IPHONEOS_DEPLOYMENT_TARGET = 14.0;
				LD_RUNPATH_SEARCH_PATHS = (
					"$(inherited)",
					"@executable_path/Frameworks",
				);
				PRODUCT_BUNDLE_IDENTIFIER = "paf.Synth-Lib";
				PRODUCT_NAME = "$(TARGET_NAME)";
				SWIFT_VERSION = 5.0;
				TARGETED_DEVICE_FAMILY = "1,2";
			};
			name = Release;
		};
/* End XCBuildConfiguration section */

/* Begin XCConfigurationList section */
		966891C42700CA1400EDF73E /* Build configuration list for PBXProject "Synth Lib" */ = {
			isa = XCConfigurationList;
			buildConfigurations = (
				966891D62700CA1400EDF73E /* Debug */,
				966891D72700CA1400EDF73E /* Release */,
			);
			defaultConfigurationIsVisible = 0;
			defaultConfigurationName = Release;
		};
		966891D82700CA1400EDF73E /* Build configuration list for PBXNativeTarget "Synth Lib" */ = {
			isa = XCConfigurationList;
			buildConfigurations = (
				966891D92700CA1400EDF73E /* Debug */,
				966891DA2700CA1400EDF73E /* Release */,
			);
			defaultConfigurationIsVisible = 0;
			defaultConfigurationName = Release;
		};
/* End XCConfigurationList section */
	};
	rootObject = 966891C12700CA1400EDF73E /* Project object */;
}
